
Microsoft Visual Studio Solution File, Format Version 12.00
Project("{FAE04EC0-301F-11D3-BF4B-00C04F79EFBC}") = "Lab2_TextEditor", "Lab2_TextEditor\Lab2_TextEditor.csproj", "{DC6D71B7-F12B-4E4E-B978-685C9142D7EB}"
EndProject
Global
	GlobalSection(SolutionConfigurationPlatforms) = preSolution
		Debug|Any CPU = Debug|Any CPU
		Release|Any CPU = Release|Any CPU
	EndGlobalSection
	GlobalSection(ProjectConfigurationPlatforms) = postSolution
		{DC6D71B7-F12B-4E4E-B978-685C9142D7EB}.Debug|Any CPU.ActiveCfg = Debug|Any CPU
		{DC6D71B7-F12B-4E4E-B978-685C9142D7EB}.Debug|Any CPU.Build.0 = Debug|Any CPU
		{DC6D71B7-F12B-4E4E-B978-685C9142D7EB}.Release|Any CPU.ActiveCfg = Release|Any CPU
		{DC6D71B7-F12B-4E4E-B978-685C9142D7EB}.Release|Any CPU.Build.0 = Release|Any CPU
	EndGlobalSection
EndGlobal
